
Microsoft Visual Studio Solution File, Format Version 12.00
# Visual Studio Version 16
VisualStudioVersion = 16.0.30309.148
MinimumVisualStudioVersion = 10.0.40219.1
Project("{FAE04EC0-301F-11D3-BF4B-00C04F79EFBC}") = "StrategiesForMethods_Begin", "StrategiesForMethods_Begin\StrategiesForMethods_Begin.csproj", "{8C7D4274-7444-4345-B108-631AC468BCD7}"
EndProject
Project("{FAE04EC0-301F-11D3-BF4B-00C04F79EFBC}") = "MeaningfulNames_Begin", "MeaningfulNames_Begin\MeaningfulNames_Begin.csproj", "{464EFEAA-4509-4BFA-B875-BD8697ABEC0C}"
EndProject
Project("{FAE04EC0-301F-11D3-BF4B-00C04F79EFBC}") = "AvoidCodeDuplication_Begin", "AvoidCodeDuplication_Begin\AvoidCodeDuplication_Begin.csproj", "{8245E6B6-5606-4FBE-AD12-8F70338EA07D}"
EndProject
Project("{FAE04EC0-301F-11D3-BF4B-00C04F79EFBC}") = "UseEnumsInsteadOfStrings_Begin", "UseEnumsInsteadOfStrings_Begin\UseEnumsInsteadOfStrings_Begin.csproj", "{98984EA2-8DBA-4D24-809D-08F27DBF0FEA}"
EndProject
Project("{FAE04EC0-301F-11D3-BF4B-00C04F79EFBC}") = "PlayerStates_Begin", "PlayerStates_Begin\PlayerStates_Begin.csproj", "{E5601BCB-92EB-499F-92F3-72AB4234B61C}"
EndProject
Project("{FAE04EC0-301F-11D3-BF4B-00C04F79EFBC}") = "PolymorphismOverEnum_Begin", "PolymorphismOverEnum_Begin\PolymorphismOverEnum_Begin.csproj", "{9F98A9DE-77FD-4693-95AF-2793D264BB46}"
EndProject
Project("{FAE04EC0-301F-11D3-BF4B-00C04F79EFBC}") = "AvoidCodeDuplication_End", "AvoidCodeDuplication_End\AvoidCodeDuplication_End.csproj", "{6AE497CE-4771-43AB-9B25-B8717B2B4CB0}"
EndProject
Project("{FAE04EC0-301F-11D3-BF4B-00C04F79EFBC}") = "MeaningfulNames_End", "MeaningfulNames_End\MeaningfulNames_End.csproj", "{DCA93F39-06B6-4E4E-99C5-1949E684C4BB}"
EndProject
Project("{FAE04EC0-301F-11D3-BF4B-00C04F79EFBC}") = "PlayerStates_End", "PlayerStates_End\PlayerStates_End.csproj", "{C4F2B699-1DA4-40C6-AFD3-306AEBFEF6F1}"
EndProject
Project("{FAE04EC0-301F-11D3-BF4B-00C04F79EFBC}") = "PolymorphismOverEnum_End", "PolymorphismOverEnum_End\PolymorphismOverEnum_End.csproj", "{2BD9E80D-2EA9-47AB-83D9-45F88E6C2CD3}"
EndProject
Project("{FAE04EC0-301F-11D3-BF4B-00C04F79EFBC}") = "StrategiesForMethods_End", "StrategiesForMethods_End\StrategiesForMethods_End.csproj", "{8E62A33B-D9AB-4D4A-8799-64417BFECEB8}"
EndProject
Project("{FAE04EC0-301F-11D3-BF4B-00C04F79EFBC}") = "UseEnumsInsteadOfStrings_End", "UseEnumsInsteadOfStrings_End\UseEnumsInsteadOfStrings_End.csproj", "{CE7FD66A-0DEA-4C90-84DA-7F0EBF825D0A}"
EndProject
Project("{FAE04EC0-301F-11D3-BF4B-00C04F79EFBC}") = "AvoidCodeDuplication_Demo", "AvoidCodeDuplication_Demo\AvoidCodeDuplication_Demo.csproj", "{C1F05F0B-72B9-413F-A462-BA92004D7859}"
EndProject
Project("{FAE04EC0-301F-11D3-BF4B-00C04F79EFBC}") = "MeaningfulNames_Demo", "MeaningfulNames_Demo\MeaningfulNames_Demo.csproj", "{0ED31E6D-9045-4C9B-97F1-F726B00AB71D}"
EndProject
Project("{FAE04EC0-301F-11D3-BF4B-00C04F79EFBC}") = "PlayerStates_Demo", "PlayerStates_Demo\PlayerStates_Demo.csproj", "{DD1672A6-90C8-432E-91D1-6E259E8B1829}"
EndProject
Project("{FAE04EC0-301F-11D3-BF4B-00C04F79EFBC}") = "PolymorphismOverEnum_Demo", "PolymorphismOverEnum_Demo\PolymorphismOverEnum_Demo.csproj", "{81480F8C-F72B-4F45-BAFE-05E7E6B002FE}"
EndProject
Project("{FAE04EC0-301F-11D3-BF4B-00C04F79EFBC}") = "StrategiesForMethods_Demo", "StrategiesForMethods_Demo\StrategiesForMethods_Demo.csproj", "{85A94EAA-D69F-410F-96D6-94124E31ADE1}"
EndProject
Project("{FAE04EC0-301F-11D3-BF4B-00C04F79EFBC}") = "UseEnumsInsteadOfStrings_Demo", "UseEnumsInsteadOfStrings_Demo\UseEnumsInsteadOfStrings_Demo.csproj", "{53B0055A-F816-4D40-B144-872F4BA4AA84}"
EndProject
Project("{2150E333-8FDC-42A3-9474-1A3956D46DE8}") = "MeaningfulNames", "MeaningfulNames", "{1B718C72-DE23-45DD-909D-6C1B320823C4}"
EndProject
Project("{2150E333-8FDC-42A3-9474-1A3956D46DE8}") = "StrategiesForMethods", "StrategiesForMethods", "{43A766C2-1138-4A6F-8925-BAF4D4F416A4}"
EndProject
Project("{2150E333-8FDC-42A3-9474-1A3956D46DE8}") = "AvoidCodeDuplication", "AvoidCodeDuplication", "{4DEC7B8B-40FF-4140-83B2-FF5128ECC545}"
EndProject
Project("{2150E333-8FDC-42A3-9474-1A3956D46DE8}") = "UseEnumsInsteadOfStrings", "UseEnumsInsteadOfStrings", "{647E48AE-7848-47C6-BAFE-AF84D9F4AEDD}"
EndProject
Project("{2150E333-8FDC-42A3-9474-1A3956D46DE8}") = "PlayerStates", "PlayerStates", "{3994EA3E-B771-4653-9F90-49F8B6315D46}"
EndProject
Project("{2150E333-8FDC-42A3-9474-1A3956D46DE8}") = "PolymorphismOverEnum", "PolymorphismOverEnum", "{6AB7819A-F8E7-43D7-868B-E57A7D74BA81}"
EndProject
Global
	GlobalSection(SolutionConfigurationPlatforms) = preSolution
		Debug|Any CPU = Debug|Any CPU
		Release|Any CPU = Release|Any CPU
	EndGlobalSection
	GlobalSection(ProjectConfigurationPlatforms) = postSolution
		{8C7D4274-7444-4345-B108-631AC468BCD7}.Debug|Any CPU.ActiveCfg = Debug|Any CPU
		{8C7D4274-7444-4345-B108-631AC468BCD7}.Debug|Any CPU.Build.0 = Debug|Any CPU
		{8C7D4274-7444-4345-B108-631AC468BCD7}.Release|Any CPU.ActiveCfg = Release|Any CPU
		{8C7D4274-7444-4345-B108-631AC468BCD7}.Release|Any CPU.Build.0 = Release|Any CPU
		{464EFEAA-4509-4BFA-B875-BD8697ABEC0C}.Debug|Any CPU.ActiveCfg = Debug|Any CPU
		{464EFEAA-4509-4BFA-B875-BD8697ABEC0C}.Debug|Any CPU.Build.0 = Debug|Any CPU
		{464EFEAA-4509-4BFA-B875-BD8697ABEC0C}.Release|Any CPU.ActiveCfg = Release|Any CPU
		{464EFEAA-4509-4BFA-B875-BD8697ABEC0C}.Release|Any CPU.Build.0 = Release|Any CPU
		{8245E6B6-5606-4FBE-AD12-8F70338EA07D}.Debug|Any CPU.ActiveCfg = Debug|Any CPU
		{8245E6B6-5606-4FBE-AD12-8F70338EA07D}.Debug|Any CPU.Build.0 = Debug|Any CPU
		{8245E6B6-5606-4FBE-AD12-8F70338EA07D}.Release|Any CPU.ActiveCfg = Release|Any CPU
		{8245E6B6-5606-4FBE-AD12-8F70338EA07D}.Release|Any CPU.Build.0 = Release|Any CPU
		{98984EA2-8DBA-4D24-809D-08F27DBF0FEA}.Debug|Any CPU.ActiveCfg = Debug|Any CPU
		{98984EA2-8DBA-4D24-809D-08F27DBF0FEA}.Debug|Any CPU.Build.0 = Debug|Any CPU
		{98984EA2-8DBA-4D24-809D-08F27DBF0FEA}.Release|Any CPU.ActiveCfg = Release|Any CPU
		{98984EA2-8DBA-4D24-809D-08F27DBF0FEA}.Release|Any CPU.Build.0 = Release|Any CPU
		{E5601BCB-92EB-499F-92F3-72AB4234B61C}.Debug|Any CPU.ActiveCfg = Debug|Any CPU
		{E5601BCB-92EB-499F-92F3-72AB4234B61C}.Debug|Any CPU.Build.0 = Debug|Any CPU
		{E5601BCB-92EB-499F-92F3-72AB4234B61C}.Release|Any CPU.ActiveCfg = Release|Any CPU
		{E5601BCB-92EB-499F-92F3-72AB4234B61C}.Release|Any CPU.Build.0 = Release|Any CPU
		{9F98A9DE-77FD-4693-95AF-2793D264BB46}.Debug|Any CPU.ActiveCfg = Debug|Any CPU
		{9F98A9DE-77FD-4693-95AF-2793D264BB46}.Debug|Any CPU.Build.0 = Debug|Any CPU
		{9F98A9DE-77FD-4693-95AF-2793D264BB46}.Release|Any CPU.ActiveCfg = Release|Any CPU
		{9F98A9DE-77FD-4693-95AF-2793D264BB46}.Release|Any CPU.Build.0 = Release|Any CPU
		{6AE497CE-4771-43AB-9B25-B8717B2B4CB0}.Debug|Any CPU.ActiveCfg = Debug|Any CPU
		{6AE497CE-4771-43AB-9B25-B8717B2B4CB0}.Debug|Any CPU.Build.0 = Debug|Any CPU
		{6AE497CE-4771-43AB-9B25-B8717B2B4CB0}.Release|Any CPU.ActiveCfg = Release|Any CPU
		{6AE497CE-4771-43AB-9B25-B8717B2B4CB0}.Release|Any CPU.Build.0 = Release|Any CPU
		{DCA93F39-06B6-4E4E-99C5-1949E684C4BB}.Debug|Any CPU.ActiveCfg = Debug|Any CPU
		{DCA93F39-06B6-4E4E-99C5-1949E684C4BB}.Debug|Any CPU.Build.0 = Debug|Any CPU
		{DCA93F39-06B6-4E4E-99C5-1949E684C4BB}.Release|Any CPU.ActiveCfg = Release|Any CPU
		{DCA93F39-06B6-4E4E-99C5-1949E684C4BB}.Release|Any CPU.Build.0 = Release|Any CPU
		{C4F2B699-1DA4-40C6-AFD3-306AEBFEF6F1}.Debug|Any CPU.ActiveCfg = Debug|Any CPU
		{C4F2B699-1DA4-40C6-AFD3-306AEBFEF6F1}.Debug|Any CPU.Build.0 = Debug|Any CPU
		{C4F2B699-1DA4-40C6-AFD3-306AEBFEF6F1}.Release|Any CPU.ActiveCfg = Release|Any CPU
		{C4F2B699-1DA4-40C6-AFD3-306AEBFEF6F1}.Release|Any CPU.Build.0 = Release|Any CPU
		{2BD9E80D-2EA9-47AB-83D9-45F88E6C2CD3}.Debug|Any CPU.ActiveCfg = Debug|Any CPU
		{2BD9E80D-2EA9-47AB-83D9-45F88E6C2CD3}.Debug|Any CPU.Build.0 = Debug|Any CPU
		{2BD9E80D-2EA9-47AB-83D9-45F88E6C2CD3}.Release|Any CPU.ActiveCfg = Release|Any CPU
		{2BD9E80D-2EA9-47AB-83D9-45F88E6C2CD3}.Release|Any CPU.Build.0 = Release|Any CPU
		{8E62A33B-D9AB-4D4A-8799-64417BFECEB8}.Debug|Any CPU.ActiveCfg = Debug|Any CPU
		{8E62A33B-D9AB-4D4A-8799-64417BFECEB8}.Debug|Any CPU.Build.0 = Debug|Any CPU
		{8E62A33B-D9AB-4D4A-8799-64417BFECEB8}.Release|Any CPU.ActiveCfg = Release|Any CPU
		{8E62A33B-D9AB-4D4A-8799-64417BFECEB8}.Release|Any CPU.Build.0 = Release|Any CPU
		{CE7FD66A-0DEA-4C90-84DA-7F0EBF825D0A}.Debug|Any CPU.ActiveCfg = Debug|Any CPU
		{CE7FD66A-0DEA-4C90-84DA-7F0EBF825D0A}.Debug|Any CPU.Build.0 = Debug|Any CPU
		{CE7FD66A-0DEA-4C90-84DA-7F0EBF825D0A}.Release|Any CPU.ActiveCfg = Release|Any CPU
		{CE7FD66A-0DEA-4C90-84DA-7F0EBF825D0A}.Release|Any CPU.Build.0 = Release|Any CPU
		{C1F05F0B-72B9-413F-A462-BA92004D7859}.Debug|Any CPU.ActiveCfg = Debug|Any CPU
		{C1F05F0B-72B9-413F-A462-BA92004D7859}.Debug|Any CPU.Build.0 = Debug|Any CPU
		{C1F05F0B-72B9-413F-A462-BA92004D7859}.Release|Any CPU.ActiveCfg = Release|Any CPU
		{C1F05F0B-72B9-413F-A462-BA92004D7859}.Release|Any CPU.Build.0 = Release|Any CPU
		{0ED31E6D-9045-4C9B-97F1-F726B00AB71D}.Debug|Any CPU.ActiveCfg = Debug|Any CPU
		{0ED31E6D-9045-4C9B-97F1-F726B00AB71D}.Debug|Any CPU.Build.0 = Debug|Any CPU
		{0ED31E6D-9045-4C9B-97F1-F726B00AB71D}.Release|Any CPU.ActiveCfg = Release|Any CPU
		{0ED31E6D-9045-4C9B-97F1-F726B00AB71D}.Release|Any CPU.Build.0 = Release|Any CPU
		{DD1672A6-90C8-432E-91D1-6E259E8B1829}.Debug|Any CPU.ActiveCfg = Debug|Any CPU
		{DD1672A6-90C8-432E-91D1-6E259E8B1829}.Debug|Any CPU.Build.0 = Debug|Any CPU
		{DD1672A6-90C8-432E-91D1-6E259E8B1829}.Release|Any CPU.ActiveCfg = Release|Any CPU
		{DD1672A6-90C8-432E-91D1-6E259E8B1829}.Release|Any CPU.Build.0 = Release|Any CPU
		{81480F8C-F72B-4F45-BAFE-05E7E6B002FE}.Debug|Any CPU.ActiveCfg = Debug|Any CPU
		{81480F8C-F72B-4F45-BAFE-05E7E6B002FE}.Debug|Any CPU.Build.0 = Debug|Any CPU
		{81480F8C-F72B-4F45-BAFE-05E7E6B002FE}.Release|Any CPU.ActiveCfg = Release|Any CPU
		{81480F8C-F72B-4F45-BAFE-05E7E6B002FE}.Release|Any CPU.Build.0 = Release|Any CPU
		{85A94EAA-D69F-410F-96D6-94124E31ADE1}.Debug|Any CPU.ActiveCfg = Debug|Any CPU
		{85A94EAA-D69F-410F-96D6-94124E31ADE1}.Debug|Any CPU.Build.0 = Debug|Any CPU
		{85A94EAA-D69F-410F-96D6-94124E31ADE1}.Release|Any CPU.ActiveCfg = Release|Any CPU
		{85A94EAA-D69F-410F-96D6-94124E31ADE1}.Release|Any CPU.Build.0 = Release|Any CPU
		{53B0055A-F816-4D40-B144-872F4BA4AA84}.Debug|Any CPU.ActiveCfg = Debug|Any CPU
		{53B0055A-F816-4D40-B144-872F4BA4AA84}.Debug|Any CPU.Build.0 = Debug|Any CPU
		{53B0055A-F816-4D40-B144-872F4BA4AA84}.Release|Any CPU.ActiveCfg = Release|Any CPU
		{53B0055A-F816-4D40-B144-872F4BA4AA84}.Release|Any CPU.Build.0 = Release|Any CPU
	EndGlobalSection
	GlobalSection(SolutionProperties) = preSolution
		HideSolutionNode = FALSE
	EndGlobalSection
	GlobalSection(NestedProjects) = preSolution
		{8C7D4274-7444-4345-B108-631AC468BCD7} = {43A766C2-1138-4A6F-8925-BAF4D4F416A4}
		{464EFEAA-4509-4BFA-B875-BD8697ABEC0C} = {1B718C72-DE23-45DD-909D-6C1B320823C4}
		{8245E6B6-5606-4FBE-AD12-8F70338EA07D} = {4DEC7B8B-40FF-4140-83B2-FF5128ECC545}
		{98984EA2-8DBA-4D24-809D-08F27DBF0FEA} = {647E48AE-7848-47C6-BAFE-AF84D9F4AEDD}
		{E5601BCB-92EB-499F-92F3-72AB4234B61C} = {3994EA3E-B771-4653-9F90-49F8B6315D46}
		{9F98A9DE-77FD-4693-95AF-2793D264BB46} = {6AB7819A-F8E7-43D7-868B-E57A7D74BA81}
		{6AE497CE-4771-43AB-9B25-B8717B2B4CB0} = {4DEC7B8B-40FF-4140-83B2-FF5128ECC545}
		{DCA93F39-06B6-4E4E-99C5-1949E684C4BB} = {1B718C72-DE23-45DD-909D-6C1B320823C4}
		{C4F2B699-1DA4-40C6-AFD3-306AEBFEF6F1} = {3994EA3E-B771-4653-9F90-49F8B6315D46}
		{2BD9E80D-2EA9-47AB-83D9-45F88E6C2CD3} = {6AB7819A-F8E7-43D7-868B-E57A7D74BA81}
		{8E62A33B-D9AB-4D4A-8799-64417BFECEB8} = {43A766C2-1138-4A6F-8925-BAF4D4F416A4}
		{CE7FD66A-0DEA-4C90-84DA-7F0EBF825D0A} = {647E48AE-7848-47C6-BAFE-AF84D9F4AEDD}
		{C1F05F0B-72B9-413F-A462-BA92004D7859} = {4DEC7B8B-40FF-4140-83B2-FF5128ECC545}
		{0ED31E6D-9045-4C9B-97F1-F726B00AB71D} = {1B718C72-DE23-45DD-909D-6C1B320823C4}
		{DD1672A6-90C8-432E-91D1-6E259E8B1829} = {3994EA3E-B771-4653-9F90-49F8B6315D46}
		{81480F8C-F72B-4F45-BAFE-05E7E6B002FE} = {6AB7819A-F8E7-43D7-868B-E57A7D74BA81}
		{85A94EAA-D69F-410F-96D6-94124E31ADE1} = {43A766C2-1138-4A6F-8925-BAF4D4F416A4}
		{53B0055A-F816-4D40-B144-872F4BA4AA84} = {647E48AE-7848-47C6-BAFE-AF84D9F4AEDD}
	EndGlobalSection
	GlobalSection(ExtensibilityGlobals) = postSolution
		SolutionGuid = {2FB5274A-524B-45EC-82B0-FB83454582B2}
	EndGlobalSection
EndGlobal
